
Microsoft Visual Studio Solution File, Format Version 12.00
# Visual Studio Version 16
VisualStudioVersion = 16.0.30523.141
MinimumVisualStudioVersion = 10.0.40219.1
Project("{9A19103F-16F7-4668-BE54-9A1E7A4F7556}") = "MTCG", "MTCG.csproj", "{57DDF711-0F5F-4831-BEB8-32081AF191FA}"
EndProject
Project("{9A19103F-16F7-4668-BE54-9A1E7A4F7556}") = "MTCGTests", "..\MTCGTests\MTCGTests.csproj", "{C24E7BB5-9B87-4601-94EA-8376F17CB3D1}"
	ProjectSection(ProjectDependencies) = postProject
		{57DDF711-0F5F-4831-BEB8-32081AF191FA} = {57DDF711-0F5F-4831-BEB8-32081AF191FA}
	EndProjectSection
EndProject
Global
	GlobalSection(SolutionConfigurationPlatforms) = preSolution
		Debug|Any CPU = Debug|Any CPU
		Release|Any CPU = Release|Any CPU
	EndGlobalSection
	GlobalSection(ProjectConfigurationPlatforms) = postSolution
		{57DDF711-0F5F-4831-BEB8-32081AF191FA}.Debug|Any CPU.ActiveCfg = Debug|Any CPU
		{57DDF711-0F5F-4831-BEB8-32081AF191FA}.Debug|Any CPU.Build.0 = Debug|Any CPU
		{57DDF711-0F5F-4831-BEB8-32081AF191FA}.Release|Any CPU.ActiveCfg = Release|Any CPU
		{57DDF711-0F5F-4831-BEB8-32081AF191FA}.Release|Any CPU.Build.0 = Release|Any CPU
		{C24E7BB5-9B87-4601-94EA-8376F17CB3D1}.Debug|Any CPU.ActiveCfg = Debug|Any CPU
		{C24E7BB5-9B87-4601-94EA-8376F17CB3D1}.Debug|Any CPU.Build.0 = Debug|Any CPU
		{C24E7BB5-9B87-4601-94EA-8376F17CB3D1}.Release|Any CPU.ActiveCfg = Release|Any CPU
		{C24E7BB5-9B87-4601-94EA-8376F17CB3D1}.Release|Any CPU.Build.0 = Release|Any CPU
	EndGlobalSection
	GlobalSection(SolutionProperties) = preSolution
		HideSolutionNode = FALSE
	EndGlobalSection
	GlobalSection(ExtensibilityGlobals) = postSolution
		SolutionGuid = {2479B693-B5D6-4260-A52F-5D4EC3FC4EA8}
	EndGlobalSection
EndGlobal
